// !$*UTF8*$!
{
	archiveVersion = 1;
	classes = {
	};
	objectVersion = 55;
	objects = {

/* Begin PBXBuildFile section */
		37A2169E6A7CD10B4E9B7D05 /* Pods_Cocktail_Challenge.framework in Frameworks */ = {isa = PBXBuildFile; fileRef = D91C6FB0E010B9E019F49EA9 /* Pods_Cocktail_Challenge.framework */; };
		7B30A3F927DF68530048343C /* CocktailManagerDrink.swift in Sources */ = {isa = PBXBuildFile; fileRef = 7B30A3F827DF68530048343C /* CocktailManagerDrink.swift */; };
		7B30A3FB27DF70EE0048343C /* CocktailDataDrink.swift in Sources */ = {isa = PBXBuildFile; fileRef = 7B30A3FA27DF70EE0048343C /* CocktailDataDrink.swift */; };
		7BB22D7A27D8E05100233D80 /* AppDelegate.swift in Sources */ = {isa = PBXBuildFile; fileRef = 7BB22D7927D8E05100233D80 /* AppDelegate.swift */; };
		7BB22D7C27D8E05100233D80 /* SceneDelegate.swift in Sources */ = {isa = PBXBuildFile; fileRef = 7BB22D7B27D8E05100233D80 /* SceneDelegate.swift */; };
		7BB22D8127D8E05100233D80 /* Main.storyboard in Resources */ = {isa = PBXBuildFile; fileRef = 7BB22D7F27D8E05100233D80 /* Main.storyboard */; };
		7BB22D8327D8E05200233D80 /* Assets.xcassets in Resources */ = {isa = PBXBuildFile; fileRef = 7BB22D8227D8E05200233D80 /* Assets.xcassets */; };
		7BB22D8627D8E05200233D80 /* LaunchScreen.storyboard in Resources */ = {isa = PBXBuildFile; fileRef = 7BB22D8427D8E05200233D80 /* LaunchScreen.storyboard */; };
		7BB22D8E27D8FD3400233D80 /* CocktailViewController.swift in Sources */ = {isa = PBXBuildFile; fileRef = 7BB22D8D27D8FD3400233D80 /* CocktailViewController.swift */; };
		7BB22D9227D902D700233D80 /* CocktailCell.xib in Resources */ = {isa = PBXBuildFile; fileRef = 7BB22D9127D902D700233D80 /* CocktailCell.xib */; };
		7BB22D9427D903B100233D80 /* CocktailCell.swift in Sources */ = {isa = PBXBuildFile; fileRef = 7BB22D9327D903B100233D80 /* CocktailCell.swift */; };
		7BBFF2B627DB835F000DDC86 /* DetailsViewController.swift in Sources */ = {isa = PBXBuildFile; fileRef = 7BBFF2B527DB835F000DDC86 /* DetailsViewController.swift */; };
		7BD53F0827DA1645006BC32D /* CocktailManager.swift in Sources */ = {isa = PBXBuildFile; fileRef = 7BD53F0727DA1645006BC32D /* CocktailManager.swift */; };
		7BD53F0A27DA1798006BC32D /* CocktailData.swift in Sources */ = {isa = PBXBuildFile; fileRef = 7BD53F0927DA1798006BC32D /* CocktailData.swift */; };
/* End PBXBuildFile section */

/* Begin PBXFileReference section */
		7B30A3F827DF68530048343C /* CocktailManagerDrink.swift */ = {isa = PBXFileReference; lastKnownFileType = sourcecode.swift; path = CocktailManagerDrink.swift; sourceTree = "<group>"; };
		7B30A3FA27DF70EE0048343C /* CocktailDataDrink.swift */ = {isa = PBXFileReference; lastKnownFileType = sourcecode.swift; path = CocktailDataDrink.swift; sourceTree = "<group>"; };
		7BB22D7627D8E05100233D80 /* Cocktail Challenge.app */ = {isa = PBXFileReference; explicitFileType = wrapper.application; includeInIndex = 0; path = "Cocktail Challenge.app"; sourceTree = BUILT_PRODUCTS_DIR; };
		7BB22D7927D8E05100233D80 /* AppDelegate.swift */ = {isa = PBXFileReference; lastKnownFileType = sourcecode.swift; path = AppDelegate.swift; sourceTree = "<group>"; };
		7BB22D7B27D8E05100233D80 /* SceneDelegate.swift */ = {isa = PBXFileReference; lastKnownFileType = sourcecode.swift; path = SceneDelegate.swift; sourceTree = "<group>"; };
		7BB22D8027D8E05100233D80 /* Base */ = {isa = PBXFileReference; lastKnownFileType = file.storyboard; name = Base; path = Base.lproj/Main.storyboard; sourceTree = "<group>"; };
		7BB22D8227D8E05200233D80 /* Assets.xcassets */ = {isa = PBXFileReference; lastKnownFileType = folder.assetcatalog; path = Assets.xcassets; sourceTree = "<group>"; };
		7BB22D8527D8E05200233D80 /* Base */ = {isa = PBXFileReference; lastKnownFileType = file.storyboard; name = Base; path = Base.lproj/LaunchScreen.storyboard; sourceTree = "<group>"; };
		7BB22D8727D8E05200233D80 /* Info.plist */ = {isa = PBXFileReference; lastKnownFileType = text.plist.xml; path = Info.plist; sourceTree = "<group>"; };
		7BB22D8D27D8FD3400233D80 /* CocktailViewController.swift */ = {isa = PBXFileReference; lastKnownFileType = sourcecode.swift; path = CocktailViewController.swift; sourceTree = "<group>"; };
		7BB22D9127D902D700233D80 /* CocktailCell.xib */ = {isa = PBXFileReference; lastKnownFileType = file.xib; path = CocktailCell.xib; sourceTree = "<group>"; };
		7BB22D9327D903B100233D80 /* CocktailCell.swift */ = {isa = PBXFileReference; lastKnownFileType = sourcecode.swift; path = CocktailCell.swift; sourceTree = "<group>"; };
		7BBFF2B527DB835F000DDC86 /* DetailsViewController.swift */ = {isa = PBXFileReference; lastKnownFileType = sourcecode.swift; path = DetailsViewController.swift; sourceTree = "<group>"; };
		7BD53F0727DA1645006BC32D /* CocktailManager.swift */ = {isa = PBXFileReference; lastKnownFileType = sourcecode.swift; path = CocktailManager.swift; sourceTree = "<group>"; };
		7BD53F0927DA1798006BC32D /* CocktailData.swift */ = {isa = PBXFileReference; lastKnownFileType = sourcecode.swift; path = CocktailData.swift; sourceTree = "<group>"; };
		C970CE1BFB08DD2D143703D8 /* Pods-Cocktail Challenge.release.xcconfig */ = {isa = PBXFileReference; includeInIndex = 1; lastKnownFileType = text.xcconfig; name = "Pods-Cocktail Challenge.release.xcconfig"; path = "Target Support Files/Pods-Cocktail Challenge/Pods-Cocktail Challenge.release.xcconfig"; sourceTree = "<group>"; };
		D643185F8801DCDEFEFF570C /* Pods-Cocktail Challenge.debug.xcconfig */ = {isa = PBXFileReference; includeInIndex = 1; lastKnownFileType = text.xcconfig; name = "Pods-Cocktail Challenge.debug.xcconfig"; path = "Target Support Files/Pods-Cocktail Challenge/Pods-Cocktail Challenge.debug.xcconfig"; sourceTree = "<group>"; };
		D91C6FB0E010B9E019F49EA9 /* Pods_Cocktail_Challenge.framework */ = {isa = PBXFileReference; explicitFileType = wrapper.framework; includeInIndex = 0; path = Pods_Cocktail_Challenge.framework; sourceTree = BUILT_PRODUCTS_DIR; };
/* End PBXFileReference section */

/* Begin PBXFrameworksBuildPhase section */
		7BB22D7327D8E05100233D80 /* Frameworks */ = {
			isa = PBXFrameworksBuildPhase;
			buildActionMask = 2147483647;
			files = (
				37A2169E6A7CD10B4E9B7D05 /* Pods_Cocktail_Challenge.framework in Frameworks */,
			);
			runOnlyForDeploymentPostprocessing = 0;
		};
/* End PBXFrameworksBuildPhase section */

/* Begin PBXGroup section */
		2180900CF7EF59B9E894CB8C /* Frameworks */ = {
			isa = PBXGroup;
			children = (
				D91C6FB0E010B9E019F49EA9 /* Pods_Cocktail_Challenge.framework */,
			);
			name = Frameworks;
			sourceTree = "<group>";
		};
		7B30A3F427DBABBB0048343C /* Controllers */ = {
			isa = PBXGroup;
			children = (
				7BBFF2B527DB835F000DDC86 /* DetailsViewController.swift */,
				7BB22D8D27D8FD3400233D80 /* CocktailViewController.swift */,
			);
			path = Controllers;
			sourceTree = "<group>";
		};
		7B30A3F527DBAE510048343C /* Views */ = {
			isa = PBXGroup;
			children = (
				7BB22D7F27D8E05100233D80 /* Main.storyboard */,
				7BB22D9127D902D700233D80 /* CocktailCell.xib */,
				7BB22D9327D903B100233D80 /* CocktailCell.swift */,
			);
			path = Views;
			sourceTree = "<group>";
		};
		7B30A3F627DBAFA60048343C /* Support Files */ = {
			isa = PBXGroup;
			children = (
				7BB22D8227D8E05200233D80 /* Assets.xcassets */,
				7BB22D8427D8E05200233D80 /* LaunchScreen.storyboard */,
			);
			path = "Support Files";
			sourceTree = "<group>";
		};
		7B30A3F727DBAFE40048343C /* Model */ = {
			isa = PBXGroup;
			children = (
				7BD53F0727DA1645006BC32D /* CocktailManager.swift */,
				7B30A3F827DF68530048343C /* CocktailManagerDrink.swift */,
				7BD53F0927DA1798006BC32D /* CocktailData.swift */,
				7B30A3FA27DF70EE0048343C /* CocktailDataDrink.swift */,
			);
			path = Model;
			sourceTree = "<group>";
		};
		7BB22D6D27D8E05100233D80 = {
			isa = PBXGroup;
			children = (
				7BB22D7827D8E05100233D80 /* Cocktail Challenge */,
				7BB22D7727D8E05100233D80 /* Products */,
				BA54B3FF94A88210315B0DAF /* Pods */,
				2180900CF7EF59B9E894CB8C /* Frameworks */,
			);
			sourceTree = "<group>";
		};
		7BB22D7727D8E05100233D80 /* Products */ = {
			isa = PBXGroup;
			children = (
				7BB22D7627D8E05100233D80 /* Cocktail Challenge.app */,
			);
			name = Products;
			sourceTree = "<group>";
		};
		7BB22D7827D8E05100233D80 /* Cocktail Challenge */ = {
			isa = PBXGroup;
			children = (
				7BB22D7927D8E05100233D80 /* AppDelegate.swift */,
				7BB22D7B27D8E05100233D80 /* SceneDelegate.swift */,
				7B30A3F427DBABBB0048343C /* Controllers */,
				7B30A3F527DBAE510048343C /* Views */,
				7B30A3F727DBAFE40048343C /* Model */,
				7B30A3F627DBAFA60048343C /* Support Files */,
				7BB22D8727D8E05200233D80 /* Info.plist */,
			);
			path = "Cocktail Challenge";
			sourceTree = "<group>";
		};
		BA54B3FF94A88210315B0DAF /* Pods */ = {
			isa = PBXGroup;
			children = (
				D643185F8801DCDEFEFF570C /* Pods-Cocktail Challenge.debug.xcconfig */,
				C970CE1BFB08DD2D143703D8 /* Pods-Cocktail Challenge.release.xcconfig */,
			);
			path = Pods;
			sourceTree = "<group>";
		};
/* End PBXGroup section */

/* Begin PBXNativeTarget section */
		7BB22D7527D8E05100233D80 /* Cocktail Challenge */ = {
			isa = PBXNativeTarget;
			buildConfigurationList = 7BB22D8A27D8E05200233D80 /* Build configuration list for PBXNativeTarget "Cocktail Challenge" */;
			buildPhases = (
				5F5753A3640B96A7172D17B7 /* [CP] Check Pods Manifest.lock */,
				7BB22D7227D8E05100233D80 /* Sources */,
				7BB22D7327D8E05100233D80 /* Frameworks */,
				7BB22D7427D8E05100233D80 /* Resources */,
				7768CF0250C499FC13DA2456 /* [CP] Embed Pods Frameworks */,
			);
			buildRules = (
			);
			dependencies = (
			);
			name = "Cocktail Challenge";
			productName = "Cocktail Challenge";
			productReference = 7BB22D7627D8E05100233D80 /* Cocktail Challenge.app */;
			productType = "com.apple.product-type.application";
		};
/* End PBXNativeTarget section */

/* Begin PBXProject section */
		7BB22D6E27D8E05100233D80 /* Project object */ = {
			isa = PBXProject;
			attributes = {
				BuildIndependentTargetsInParallel = 1;
				LastSwiftUpdateCheck = 1320;
				LastUpgradeCheck = 1320;
				TargetAttributes = {
					7BB22D7527D8E05100233D80 = {
						CreatedOnToolsVersion = 13.2.1;
					};
				};
			};
			buildConfigurationList = 7BB22D7127D8E05100233D80 /* Build configuration list for PBXProject "Cocktail Challenge" */;
			compatibilityVersion = "Xcode 13.0";
			developmentRegion = en;
			hasScannedForEncodings = 0;
			knownRegions = (
				en,
				Base,
			);
			mainGroup = 7BB22D6D27D8E05100233D80;
			productRefGroup = 7BB22D7727D8E05100233D80 /* Products */;
			projectDirPath = "";
			projectRoot = "";
			targets = (
				7BB22D7527D8E05100233D80 /* Cocktail Challenge */,
			);
		};
/* End PBXProject section */

/* Begin PBXResourcesBuildPhase section */
		7BB22D7427D8E05100233D80 /* Resources */ = {
			isa = PBXResourcesBuildPhase;
			buildActionMask = 2147483647;
			files = (
				7BB22D8627D8E05200233D80 /* LaunchScreen.storyboard in Resources */,
				7BB22D8327D8E05200233D80 /* Assets.xcassets in Resources */,
				7BB22D8127D8E05100233D80 /* Main.storyboard in Resources */,
				7BB22D9227D902D700233D80 /* CocktailCell.xib in Resources */,
			);
			runOnlyForDeploymentPostprocessing = 0;
		};
/* End PBXResourcesBuildPhase section */

/* Begin PBXShellScriptBuildPhase section */
		5F5753A3640B96A7172D17B7 /* [CP] Check Pods Manifest.lock */ = {
			isa = PBXShellScriptBuildPhase;
			buildActionMask = 2147483647;
			files = (
			);
			inputFileListPaths = (
			);
			inputPaths = (
				"${PODS_PODFILE_DIR_PATH}/Podfile.lock",
				"${PODS_ROOT}/Manifest.lock",
			);
			name = "[CP] Check Pods Manifest.lock";
			outputFileListPaths = (
			);
			outputPaths = (
				"$(DERIVED_FILE_DIR)/Pods-Cocktail Challenge-checkManifestLockResult.txt",
			);
			runOnlyForDeploymentPostprocessing = 0;
			shellPath = /bin/sh;
			shellScript = "diff \"${PODS_PODFILE_DIR_PATH}/Podfile.lock\" \"${PODS_ROOT}/Manifest.lock\" > /dev/null\nif [ $? != 0 ] ; then\n    # print error to STDERR\n    echo \"error: The sandbox is not in sync with the Podfile.lock. Run 'pod install' or update your CocoaPods installation.\" >&2\n    exit 1\nfi\n# This output is used by Xcode 'outputs' to avoid re-running this script phase.\necho \"SUCCESS\" > \"${SCRIPT_OUTPUT_FILE_0}\"\n";
			showEnvVarsInLog = 0;
		};
		7768CF0250C499FC13DA2456 /* [CP] Embed Pods Frameworks */ = {
			isa = PBXShellScriptBuildPhase;
			buildActionMask = 2147483647;
			files = (
			);
			inputFileListPaths = (
				"${PODS_ROOT}/Target Support Files/Pods-Cocktail Challenge/Pods-Cocktail Challenge-frameworks-${CONFIGURATION}-input-files.xcfilelist",
			);
			name = "[CP] Embed Pods Frameworks";
			outputFileListPaths = (
				"${PODS_ROOT}/Target Support Files/Pods-Cocktail Challenge/Pods-Cocktail Challenge-frameworks-${CONFIGURATION}-output-files.xcfilelist",
			);
			runOnlyForDeploymentPostprocessing = 0;
			shellPath = /bin/sh;
			shellScript = "\"${PODS_ROOT}/Target Support Files/Pods-Cocktail Challenge/Pods-Cocktail Challenge-frameworks.sh\"\n";
			showEnvVarsInLog = 0;
		};
/* End PBXShellScriptBuildPhase section */

/* Begin PBXSourcesBuildPhase section */
		7BB22D7227D8E05100233D80 /* Sources */ = {
			isa = PBXSourcesBuildPhase;
			buildActionMask = 2147483647;
			files = (
				7BD53F0827DA1645006BC32D /* CocktailManager.swift in Sources */,
				7BB22D7A27D8E05100233D80 /* AppDelegate.swift in Sources */,
				7BBFF2B627DB835F000DDC86 /* DetailsViewController.swift in Sources */,
				7BB22D8E27D8FD3400233D80 /* CocktailViewController.swift in Sources */,
				7BB22D7C27D8E05100233D80 /* SceneDelegate.swift in Sources */,
				7BB22D9427D903B100233D80 /* CocktailCell.swift in Sources */,
				7B30A3F927DF68530048343C /* CocktailManagerDrink.swift in Sources */,
				7B30A3FB27DF70EE0048343C /* CocktailDataDrink.swift in Sources */,
				7BD53F0A27DA1798006BC32D /* CocktailData.swift in Sources */,
			);
			runOnlyForDeploymentPostprocessing = 0;
		};
/* End PBXSourcesBuildPhase section */

/* Begin PBXVariantGroup section */
		7BB22D7F27D8E05100233D80 /* Main.storyboard */ = {
			isa = PBXVariantGroup;
			children = (
				7BB22D8027D8E05100233D80 /* Base */,
			);
			name = Main.storyboard;
			sourceTree = "<group>";
		};
		7BB22D8427D8E05200233D80 /* LaunchScreen.storyboard */ = {
			isa = PBXVariantGroup;
			children = (
				7BB22D8527D8E05200233D80 /* Base */,
			);
			name = LaunchScreen.storyboard;
			sourceTree = "<group>";
		};
/* End PBXVariantGroup section */

/* Begin XCBuildConfiguration section */
		7BB22D8827D8E05200233D80 /* Debug */ = {
			isa = XCBuildConfiguration;
			buildSettings = {
				ALWAYS_SEARCH_USER_PATHS = NO;
				CLANG_ANALYZER_NONNULL = YES;
				CLANG_ANALYZER_NUMBER_OBJECT_CONVERSION = YES_AGGRESSIVE;
				CLANG_CXX_LANGUAGE_STANDARD = "gnu++17";
				CLANG_CXX_LIBRARY = "libc++";
				CLANG_ENABLE_MODULES = YES;
				CLANG_ENABLE_OBJC_ARC = YES;
				CLANG_ENABLE_OBJC_WEAK = YES;
				CLANG_WARN_BLOCK_CAPTURE_AUTORELEASING = YES;
				CLANG_WARN_BOOL_CONVERSION = YES;
				CLANG_WARN_COMMA = YES;
				CLANG_WARN_CONSTANT_CONVERSION = YES;
				CLANG_WARN_DEPRECATED_OBJC_IMPLEMENTATIONS = YES;
				CLANG_WARN_DIRECT_OBJC_ISA_USAGE = YES_ERROR;
				CLANG_WARN_DOCUMENTATION_COMMENTS = YES;
				CLANG_WARN_EMPTY_BODY = YES;
				CLANG_WARN_ENUM_CONVERSION = YES;
				CLANG_WARN_INFINITE_RECURSION = YES;
				CLANG_WARN_INT_CONVERSION = YES;
				CLANG_WARN_NON_LITERAL_NULL_CONVERSION = YES;
				CLANG_WARN_OBJC_IMPLICIT_RETAIN_SELF = YES;
				CLANG_WARN_OBJC_LITERAL_CONVERSION = YES;
				CLANG_WARN_OBJC_ROOT_CLASS = YES_ERROR;
				CLANG_WARN_QUOTED_INCLUDE_IN_FRAMEWORK_HEADER = YES;
				CLANG_WARN_RANGE_LOOP_ANALYSIS = YES;
				CLANG_WARN_STRICT_PROTOTYPES = YES;
				CLANG_WARN_SUSPICIOUS_MOVE = YES;
				CLANG_WARN_UNGUARDED_AVAILABILITY = YES_AGGRESSIVE;
				CLANG_WARN_UNREACHABLE_CODE = YES;
				CLANG_WARN__DUPLICATE_METHOD_MATCH = YES;
				COPY_PHASE_STRIP = NO;
				DEBUG_INFORMATION_FORMAT = dwarf;
				ENABLE_STRICT_OBJC_MSGSEND = YES;
				ENABLE_TESTABILITY = YES;
				GCC_C_LANGUAGE_STANDARD = gnu11;
				GCC_DYNAMIC_NO_PIC = NO;
				GCC_NO_COMMON_BLOCKS = YES;
				GCC_OPTIMIZATION_LEVEL = 0;
				GCC_PREPROCESSOR_DEFINITIONS = (
					"DEBUG=1",
					"$(inherited)",
				);
				GCC_WARN_64_TO_32_BIT_CONVERSION = YES;
				GCC_WARN_ABOUT_RETURN_TYPE = YES_ERROR;
				GCC_WARN_UNDECLARED_SELECTOR = YES;
				GCC_WARN_UNINITIALIZED_AUTOS = YES_AGGRESSIVE;
				GCC_WARN_UNUSED_FUNCTION = YES;
				GCC_WARN_UNUSED_VARIABLE = YES;
				IPHONEOS_DEPLOYMENT_TARGET = 15.2;
				MTL_ENABLE_DEBUG_INFO = INCLUDE_SOURCE;
				MTL_FAST_MATH = YES;
				ONLY_ACTIVE_ARCH = YES;
				SDKROOT = iphoneos;
				SWIFT_ACTIVE_COMPILATION_CONDITIONS = DEBUG;
				SWIFT_OPTIMIZATION_LEVEL = "-Onone";
			};
			name = Debug;
		};
		7BB22D8927D8E05200233D80 /* Release */ = {
			isa = XCBuildConfiguration;
			buildSettings = {
				ALWAYS_SEARCH_USER_PATHS = NO;
				CLANG_ANALYZER_NONNULL = YES;
				CLANG_ANALYZER_NUMBER_OBJECT_CONVERSION = YES_AGGRESSIVE;
				CLANG_CXX_LANGUAGE_STANDARD = "gnu++17";
				CLANG_CXX_LIBRARY = "libc++";
				CLANG_ENABLE_MODULES = YES;
				CLANG_ENABLE_OBJC_ARC = YES;
				CLANG_ENABLE_OBJC_WEAK = YES;
				CLANG_WARN_BLOCK_CAPTURE_AUTORELEASING = YES;
				CLANG_WARN_BOOL_CONVERSION = YES;
				CLANG_WARN_COMMA = YES;
				CLANG_WARN_CONSTANT_CONVERSION = YES;
				CLANG_WARN_DEPRECATED_OBJC_IMPLEMENTATIONS = YES;
				CLANG_WARN_DIRECT_OBJC_ISA_USAGE = YES_ERROR;
				CLANG_WARN_DOCUMENTATION_COMMENTS = YES;
				CLANG_WARN_EMPTY_BODY = YES;
				CLANG_WARN_ENUM_CONVERSION = YES;
				CLANG_WARN_INFINITE_RECURSION = YES;
				CLANG_WARN_INT_CONVERSION = YES;
				CLANG_WARN_NON_LITERAL_NULL_CONVERSION = YES;
				CLANG_WARN_OBJC_IMPLICIT_RETAIN_SELF = YES;
				CLANG_WARN_OBJC_LITERAL_CONVERSION = YES;
				CLANG_WARN_OBJC_ROOT_CLASS = YES_ERROR;
				CLANG_WARN_QUOTED_INCLUDE_IN_FRAMEWORK_HEADER = YES;
				CLANG_WARN_RANGE_LOOP_ANALYSIS = YES;
				CLANG_WARN_STRICT_PROTOTYPES = YES;
				CLANG_WARN_SUSPICIOUS_MOVE = YES;
				CLANG_WARN_UNGUARDED_AVAILABILITY = YES_AGGRESSIVE;
				CLANG_WARN_UNREACHABLE_CODE = YES;
				CLANG_WARN__DUPLICATE_METHOD_MATCH = YES;
				COPY_PHASE_STRIP = NO;
				DEBUG_INFORMATION_FORMAT = "dwarf-with-dsym";
				ENABLE_NS_ASSERTIONS = NO;
				ENABLE_STRICT_OBJC_MSGSEND = YES;
				GCC_C_LANGUAGE_STANDARD = gnu11;
				GCC_NO_COMMON_BLOCKS = YES;
				GCC_WARN_64_TO_32_BIT_CONVERSION = YES;
				GCC_WARN_ABOUT_RETURN_TYPE = YES_ERROR;
				GCC_WARN_UNDECLARED_SELECTOR = YES;
				GCC_WARN_UNINITIALIZED_AUTOS = YES_AGGRESSIVE;
				GCC_WARN_UNUSED_FUNCTION = YES;
				GCC_WARN_UNUSED_VARIABLE = YES;
				IPHONEOS_DEPLOYMENT_TARGET = 15.2;
				MTL_ENABLE_DEBUG_INFO = NO;
				MTL_FAST_MATH = YES;
				SDKROOT = iphoneos;
				SWIFT_COMPILATION_MODE = wholemodule;
				SWIFT_OPTIMIZATION_LEVEL = "-O";
				VALIDATE_PRODUCT = YES;
			};
			name = Release;
		};
		7BB22D8B27D8E05200233D80 /* Debug */ = {
			isa = XCBuildConfiguration;
			baseConfigurationReference = D643185F8801DCDEFEFF570C /* Pods-Cocktail Challenge.debug.xcconfig */;
			buildSettings = {
				ASSETCATALOG_COMPILER_APPICON_NAME = AppIcon;
				ASSETCATALOG_COMPILER_GLOBAL_ACCENT_COLOR_NAME = AccentColor;
				CODE_SIGN_STYLE = Automatic;
				CURRENT_PROJECT_VERSION = 1;
				DEVELOPMENT_TEAM = 5A8B2AK6DX;
				GENERATE_INFOPLIST_FILE = YES;
				INFOPLIST_FILE = "Cocktail Challenge/Info.plist";
				INFOPLIST_KEY_UIApplicationSupportsIndirectInputEvents = YES;
				INFOPLIST_KEY_UILaunchStoryboardName = LaunchScreen;
				INFOPLIST_KEY_UIMainStoryboardFile = Main;
				INFOPLIST_KEY_UISupportedInterfaceOrientations_iPad = "UIInterfaceOrientationPortrait UIInterfaceOrientationPortraitUpsideDown UIInterfaceOrientationLandscapeLeft UIInterfaceOrientationLandscapeRight";
				INFOPLIST_KEY_UISupportedInterfaceOrientations_iPhone = "UIInterfaceOrientationPortrait UIInterfaceOrientationLandscapeLeft UIInterfaceOrientationLandscapeRight";
				LD_RUNPATH_SEARCH_PATHS = (
					"$(inherited)",
					"@executable_path/Frameworks",
				);
				MARKETING_VERSION = 1.0;
				PRODUCT_BUNDLE_IDENTIFIER = "com.valentinaolariaga.Cocktail-Challenge";
				PRODUCT_NAME = "$(TARGET_NAME)";
				SWIFT_EMIT_LOC_STRINGS = YES;
				SWIFT_VERSION = 5.0;
				TARGETED_DEVICE_FAMILY = "1,2";
			};
			name = Debug;
		};
		7BB22D8C27D8E05200233D80 /* Release */ = {
			isa = XCBuildConfiguration;
			baseConfigurationReference = C970CE1BFB08DD2D143703D8 /* Pods-Cocktail Challenge.release.xcconfig */;
			buildSettings = {
				ASSETCATALOG_COMPILER_APPICON_NAME = AppIcon;
				ASSETCATALOG_COMPILER_GLOBAL_ACCENT_COLOR_NAME = AccentColor;
				CODE_SIGN_STYLE = Automatic;
				CURRENT_PROJECT_VERSION = 1;
				DEVELOPMENT_TEAM = 5A8B2AK6DX;
				GENERATE_INFOPLIST_FILE = YES;
				INFOPLIST_FILE = "Cocktail Challenge/Info.plist";
				INFOPLIST_KEY_UIApplicationSupportsIndirectInputEvents = YES;
				INFOPLIST_KEY_UILaunchStoryboardName = LaunchScreen;
				INFOPLIST_KEY_UIMainStoryboardFile = Main;
				INFOPLIST_KEY_UISupportedInterfaceOrientations_iPad = "UIInterfaceOrientationPortrait UIInterfaceOrientationPortraitUpsideDown UIInterfaceOrientationLandscapeLeft UIInterfaceOrientationLandscapeRight";
				INFOPLIST_KEY_UISupportedInterfaceOrientations_iPhone = "UIInterfaceOrientationPortrait UIInterfaceOrientationLandscapeLeft UIInterfaceOrientationLandscapeRight";
				LD_RUNPATH_SEARCH_PATHS = (
					"$(inherited)",
					"@executable_path/Frameworks",
				);
				MARKETING_VERSION = 1.0;
				PRODUCT_BUNDLE_IDENTIFIER = "com.valentinaolariaga.Cocktail-Challenge";
				PRODUCT_NAME = "$(TARGET_NAME)";
				SWIFT_EMIT_LOC_STRINGS = YES;
				SWIFT_VERSION = 5.0;
				TARGETED_DEVICE_FAMILY = "1,2";
			};
			name = Release;
		};
/* End XCBuildConfiguration section */

/* Begin XCConfigurationList section */
		7BB22D7127D8E05100233D80 /* Build configuration list for PBXProject "Cocktail Challenge" */ = {
			isa = XCConfigurationList;
			buildConfigurations = (
				7BB22D8827D8E05200233D80 /* Debug */,
				7BB22D8927D8E05200233D80 /* Release */,
			);
			defaultConfigurationIsVisible = 0;
			defaultConfigurationName = Release;
		};
		7BB22D8A27D8E05200233D80 /* Build configuration list for PBXNativeTarget "Cocktail Challenge" */ = {
			isa = XCConfigurationList;
			buildConfigurations = (
				7BB22D8B27D8E05200233D80 /* Debug */,
				7BB22D8C27D8E05200233D80 /* Release */,
			);
			defaultConfigurationIsVisible = 0;
			defaultConfigurationName = Release;
		};
/* End XCConfigurationList section */
	};
	rootObject = 7BB22D6E27D8E05100233D80 /* Project object */;
}
